<?xml version="1.0" encoding="utf-8"?>
<Project ToolsVersion="4.0" xmlns="http://schemas.microsoft.com/developer/msbuild/2003">
  <ItemGroup>
    <ClInclude Include="common.h" />
    <ClInclude Include="protocol.h" />
    <ClInclude Include="network.h" />
    <ClInclude Include="processor.h" />
  </ItemGroup>
  <ItemGroup>
    <ClCompile Include="main.cpp" />
    <ClCompile Include="protocol.cpp" />
    <ClCompile Include="network.cpp" />
    <ClCompile Include="processor.cpp" />
  </ItemGroup>
</Project>